// !$*UTF8*$!
{
	archiveVersion = 1;
	classes = {
	};
	objectVersion = 46;
	objects = {

/* Begin PBXBuildFile section */
		627DB92E1C55755D009729F1 /* AppDelegate.swift in Sources */ = {isa = PBXBuildFile; fileRef = 627DB92D1C55755D009729F1 /* AppDelegate.swift */; };
		627DB9301C55755D009729F1 /* ViewController.swift in Sources */ = {isa = PBXBuildFile; fileRef = 627DB92F1C55755D009729F1 /* ViewController.swift */; };
		627DB9331C55755D009729F1 /* Main.storyboard in Resources */ = {isa = PBXBuildFile; fileRef = 627DB9311C55755D009729F1 /* Main.storyboard */; };
		627DB9351C55755D009729F1 /* Assets.xcassets in Resources */ = {isa = PBXBuildFile; fileRef = 627DB9341C55755D009729F1 /* Assets.xcassets */; };
		627DB9381C55755D009729F1 /* LaunchScreen.storyboard in Resources */ = {isa = PBXBuildFile; fileRef = 627DB9361C55755D009729F1 /* LaunchScreen.storyboard */; };
		627DB9401C559787009729F1 /* 140272627-grooming-needs-senior-cat-632x475.jpg in Resources */ = {isa = PBXBuildFile; fileRef = 627DB93F1C559787009729F1 /* 140272627-grooming-needs-senior-cat-632x475.jpg */; };
/* End PBXBuildFile section */

/* Begin PBXFileReference section */
		627DB92A1C55755D009729F1 /* Cat Years.app */ = {isa = PBXFileReference; explicitFileType = wrapper.application; includeInIndex = 0; path = "Cat Years.app"; sourceTree = BUILT_PRODUCTS_DIR; };
		627DB92D1C55755D009729F1 /* AppDelegate.swift */ = {isa = PBXFileReference; lastKnownFileType = sourcecode.swift; path = AppDelegate.swift; sourceTree = "<group>"; };
		627DB92F1C55755D009729F1 /* ViewController.swift */ = {isa = PBXFileReference; lastKnownFileType = sourcecode.swift; path = ViewController.swift; sourceTree = "<group>"; };
		627DB9321C55755D009729F1 /* Base */ = {isa = PBXFileReference; lastKnownFileType = file.storyboard; name = Base; path = Base.lproj/Main.storyboard; sourceTree = "<group>"; };
		627DB9341C55755D009729F1 /* Assets.xcassets */ = {isa = PBXFileReference; lastKnownFileType = folder.assetcatalog; path = Assets.xcassets; sourceTree = "<group>"; };
		627DB9371C55755D009729F1 /* Base */ = {isa = PBXFileReference; lastKnownFileType = file.storyboard; name = Base; path = Base.lproj/LaunchScreen.storyboard; sourceTree = "<group>"; };
		627DB9391C55755D009729F1 /* Info.plist */ = {isa = PBXFileReference; lastKnownFileType = text.plist.xml; path = Info.plist; sourceTree = "<group>"; };
		627DB93F1C559787009729F1 /* 140272627-grooming-needs-senior-cat-632x475.jpg */ = {isa = PBXFileReference; lastKnownFileType = image.jpeg; path = "140272627-grooming-needs-senior-cat-632x475.jpg"; sourceTree = SOURCE_ROOT; };
/* End PBXFileReference section */

/* Begin PBXFrameworksBuildPhase section */
		627DB9271C55755D009729F1 /* Frameworks */ = {
			isa = PBXFrameworksBuildPhase;
			buildActionMask = 2147483647;
			files = (
			);
			runOnlyForDeploymentPostprocessing = 0;
		};
/* End PBXFrameworksBuildPhase section */

/* Begin PBXGroup section */
		627DB9211C55755C009729F1 = {
			isa = PBXGroup;
			children = (
				627DB92C1C55755D009729F1 /* Cat Years */,
				627DB92B1C55755D009729F1 /* Products */,
			);
			sourceTree = "<group>";
		};
		627DB92B1C55755D009729F1 /* Products */ = {
			isa = PBXGroup;
			children = (
				627DB92A1C55755D009729F1 /* Cat Years.app */,
			);
			name = Products;
			sourceTree = "<group>";
		};
		627DB92C1C55755D009729F1 /* Cat Years */ = {
			isa = PBXGroup;
			children = (
				627DB92D1C55755D009729F1 /* AppDelegate.swift */,
				627DB92F1C55755D009729F1 /* ViewController.swift */,
				627DB9311C55755D009729F1 /* Main.storyboard */,
				627DB93F1C559787009729F1 /* 140272627-grooming-needs-senior-cat-632x475.jpg */,
				627DB9341C55755D009729F1 /* Assets.xcassets */,
				627DB9361C55755D009729F1 /* LaunchScreen.storyboard */,
				627DB9391C55755D009729F1 /* Info.plist */,
			);
			path = "Cat Years";
			sourceTree = "<group>";
		};
/* End PBXGroup section */

/* Begin PBXNativeTarget section */
		627DB9291C55755D009729F1 /* Cat Years */ = {
			isa = PBXNativeTarget;
			buildConfigurationList = 627DB93C1C55755D009729F1 /* Build configuration list for PBXNativeTarget "Cat Years" */;
			buildPhases = (
				627DB9261C55755D009729F1 /* Sources */,
				627DB9271C55755D009729F1 /* Frameworks */,
				627DB9281C55755D009729F1 /* Resources */,
			);
			buildRules = (
			);
			dependencies = (
			);
			name = "Cat Years";
			productName = "Cat Years";
			productReference = 627DB92A1C55755D009729F1 /* Cat Years.app */;
			productType = "com.apple.product-type.application";
		};
/* End PBXNativeTarget section */

/* Begin PBXProject section */
		627DB9221C55755C009729F1 /* Project object */ = {
			isa = PBXProject;
			attributes = {
				LastSwiftUpdateCheck = 0730;
				LastUpgradeCheck = 0730;
				ORGANIZATIONNAME = cmpt371;
				TargetAttributes = {
					627DB9291C55755D009729F1 = {
						CreatedOnToolsVersion = 7.3;
						DevelopmentTeam = 82WB427L6C;
					};
				};
			};
			buildConfigurationList = 627DB9251C55755C009729F1 /* Build configuration list for PBXProject "Cat Years" */;
			compatibilityVersion = "Xcode 3.2";
			developmentRegion = English;
			hasScannedForEncodings = 0;
			knownRegions = (
				en,
				Base,
			);
			mainGroup = 627DB9211C55755C009729F1;
			productRefGroup = 627DB92B1C55755D009729F1 /* Products */;
			projectDirPath = "";
			projectRoot = "";
			targets = (
				627DB9291C55755D009729F1 /* Cat Years */,
			);
		};
/* End PBXProject section */

/* Begin PBXResourcesBuildPhase section */
		627DB9281C55755D009729F1 /* Resources */ = {
			isa = PBXResourcesBuildPhase;
			buildActionMask = 2147483647;
			files = (
				627DB9381C55755D009729F1 /* LaunchScreen.storyboard in Resources */,
				627DB9351C55755D009729F1 /* Assets.xcassets in Resources */,
				627DB9401C559787009729F1 /* 140272627-grooming-needs-senior-cat-632x475.jpg in Resources */,
				627DB9331C55755D009729F1 /* Main.storyboard in Resources */,
			);
			runOnlyForDeploymentPostprocessing = 0;
		};
/* End PBXResourcesBuildPhase section */

/* Begin PBXSourcesBuildPhase section */
		627DB9261C55755D009729F1 /* Sources */ = {
			isa = PBXSourcesBuildPhase;
			buildActionMask = 2147483647;
			files = (
				627DB9301C55755D009729F1 /* ViewController.swift in Sources */,
				627DB92E1C55755D009729F1 /* AppDelegate.swift in Sources */,
			);
			runOnlyForDeploymentPostprocessing = 0;
		};
/* End PBXSourcesBuildPhase section */

/* Begin PBXVariantGroup section */
		627DB9311C55755D009729F1 /* Main.storyboard */ = {
			isa = PBXVariantGroup;
			children = (
				627DB9321C55755D009729F1 /* Base */,
			);
			name = Main.storyboard;
			sourceTree = "<group>";
		};
		627DB9361C55755D009729F1 /* LaunchScreen.storyboard */ = {
			isa = PBXVariantGroup;
			children = (
				627DB9371C55755D009729F1 /* Base */,
			);
			name = LaunchScreen.storyboard;
			sourceTree = "<group>";
		};
/* End PBXVariantGroup section */

/* Begin XCBuildConfiguration section */
		627DB93A1C55755D009729F1 /* Debug */ = {
			isa = XCBuildConfiguration;
			buildSettings = {
				ALWAYS_SEARCH_USER_PATHS = NO;
				CLANG_CXX_LANGUAGE_STANDARD = "gnu++0x";
				CLANG_CXX_LIBRARY = "libc++";
				CLANG_ENABLE_MODULES = YES;
				CLANG_ENABLE_OBJC_ARC = YES;
				CLANG_WARN_BOOL_CONVERSION = YES;
				CLANG_WARN_CONSTANT_CONVERSION = YES;
				CLANG_WARN_DIRECT_OBJC_ISA_USAGE = YES_ERROR;
				CLANG_WARN_EMPTY_BODY = YES;
				CLANG_WARN_ENUM_CONVERSION = YES;
				CLANG_WARN_INT_CONVERSION = YES;
				CLANG_WARN_OBJC_ROOT_CLASS = YES_ERROR;
				CLANG_WARN_UNREACHABLE_CODE = YES;
				CLANG_WARN__DUPLICATE_METHOD_MATCH = YES;
				"CODE_SIGN_IDENTITY[sdk=iphoneos*]" = "iPhone Developer";
				COPY_PHASE_STRIP = NO;
				DEBUG_INFORMATION_FORMAT = dwarf;
				ENABLE_STRICT_OBJC_MSGSEND = YES;
				ENABLE_TESTABILITY = YES;
				GCC_C_LANGUAGE_STANDARD = gnu99;
				GCC_DYNAMIC_NO_PIC = NO;
				GCC_NO_COMMON_BLOCKS = YES;
				GCC_OPTIMIZATION_LEVEL = 0;
				GCC_PREPROCESSOR_DEFINITIONS = (
					"DEBUG=1",
					"$(inherited)",
				);
				GCC_WARN_64_TO_32_BIT_CONVERSION = YES;
				GCC_WARN_ABOUT_RETURN_TYPE = YES_ERROR;
				GCC_WARN_UNDECLARED_SELECTOR = YES;
				GCC_WARN_UNINITIALIZED_AUTOS = YES_AGGRESSIVE;
				GCC_WARN_UNUSED_FUNCTION = YES;
				GCC_WARN_UNUSED_VARIABLE = YES;
				IPHONEOS_DEPLOYMENT_TARGET = 9.3;
				MTL_ENABLE_DEBUG_INFO = YES;
				ONLY_ACTIVE_ARCH = YES;
				SDKROOT = iphoneos;
				SWIFT_OPTIMIZATION_LEVEL = "-Onone";
				TARGETED_DEVICE_FAMILY = "1,2";
			};
			name = Debug;
		};
		627DB93B1C55755D009729F1 /* Release */ = {
			isa = XCBuildConfiguration;
			buildSettings = {
				ALWAYS_SEARCH_USER_PATHS = NO;
				CLANG_CXX_LANGUAGE_STANDARD = "gnu++0x";
				CLANG_CXX_LIBRARY = "libc++";
				CLANG_ENABLE_MODULES = YES;
				CLANG_ENABLE_OBJC_ARC = YES;
				CLANG_WARN_BOOL_CONVERSION = YES;
				CLANG_WARN_CONSTANT_CONVERSION = YES;
				CLANG_WARN_DIRECT_OBJC_ISA_USAGE = YES_ERROR;
				CLANG_WARN_EMPTY_BODY = YES;
				CLANG_WARN_ENUM_CONVERSION = YES;
				CLANG_WARN_INT_CONVERSION = YES;
				CLANG_WARN_OBJC_ROOT_CLASS = YES_ERROR;
				CLANG_WARN_UNREACHABLE_CODE = YES;
				CLANG_WARN__DUPLICATE_METHOD_MATCH = YES;
				"CODE_SIGN_IDENTITY[sdk=iphoneos*]" = "iPhone Developer";
				COPY_PHASE_STRIP = NO;
				DEBUG_INFORMATION_FORMAT = "dwarf-with-dsym";
				ENABLE_NS_ASSERTIONS = NO;
				ENABLE_STRICT_OBJC_MSGSEND = YES;
				GCC_C_LANGUAGE_STANDARD = gnu99;
				GCC_NO_COMMON_BLOCKS = YES;
				GCC_WARN_64_TO_32_BIT_CONVERSION = YES;
				GCC_WARN_ABOUT_RETURN_TYPE = YES_ERROR;
				GCC_WARN_UNDECLARED_SELECTOR = YES;
				GCC_WARN_UNINITIALIZED_AUTOS = YES_AGGRESSIVE;
				GCC_WARN_UNUSED_FUNCTION = YES;
				GCC_WARN_UNUSED_VARIABLE = YES;
				IPHONEOS_DEPLOYMENT_TARGET = 9.3;
				MTL_ENABLE_DEBUG_INFO = NO;
				SDKROOT = iphoneos;
				TARGETED_DEVICE_FAMILY = "1,2";
				VALIDATE_PRODUCT = YES;
			};
			name = Release;
		};
		627DB93D1C55755D009729F1 /* Debug */ = {
			isa = XCBuildConfiguration;
			buildSettings = {
				ASSETCATALOG_COMPILER_APPICON_NAME = AppIcon;
				INFOPLIST_FILE = "Cat Years/Info.plist";
				LD_RUNPATH_SEARCH_PATHS = "$(inherited) @executable_path/Frameworks";
				PRODUCT_BUNDLE_IDENTIFIER = "com.cmpt371.Cat-Years";
				PRODUCT_NAME = "$(TARGET_NAME)";
			};
			name = Debug;
		};
		627DB93E1C55755D009729F1 /* Release */ = {
			isa = XCBuildConfiguration;
			buildSettings = {
				ASSETCATALOG_COMPILER_APPICON_NAME = AppIcon;
				INFOPLIST_FILE = "Cat Years/Info.plist";
				LD_RUNPATH_SEARCH_PATHS = "$(inherited) @executable_path/Frameworks";
				PRODUCT_BUNDLE_IDENTIFIER = "com.cmpt371.Cat-Years";
				PRODUCT_NAME = "$(TARGET_NAME)";
			};
			name = Release;
		};
/* End XCBuildConfiguration section */

/* Begin XCConfigurationList section */
		627DB9251C55755C009729F1 /* Build configuration list for PBXProject "Cat Years" */ = {
			isa = XCConfigurationList;
			buildConfigurations = (
				627DB93A1C55755D009729F1 /* Debug */,
				627DB93B1C55755D009729F1 /* Release */,
			);
			defaultConfigurationIsVisible = 0;
			defaultConfigurationName = Release;
		};
		627DB93C1C55755D009729F1 /* Build configuration list for PBXNativeTarget "Cat Years" */ = {
			isa = XCConfigurationList;
			buildConfigurations = (
				627DB93D1C55755D009729F1 /* Debug */,
				627DB93E1C55755D009729F1 /* Release */,
			);
			defaultConfigurationIsVisible = 0;
		};
/* End XCConfigurationList section */
	};
	rootObject = 627DB9221C55755C009729F1 /* Project object */;
}
